#
# This file is autogenerated by pip-compile with Python 3.14
# by the following command:
#
#    pip-compile --no-index --output-file=requirements.lock pyproject.toml
#
alembic==1.20.0
    # via singnalx-backend (pyproject.toml)
annotated-doc==0.0.5
    # via fastapi
annotated-types==0.8.0
    # via pydantic
anyio==4.15.1
    # via starlette
click==8.5.0
    # via uvicorn
fastapi==0.142.2
    # via singnalx-backend (pyproject.toml)
greenlet==3.5.6
    # via sqlalchemy
h11==0.16.0
    # via uvicorn
idna==3.20
    # via anyio
mako==1.4.3
    # via alembic
markupsafe==3.0.4
    # via mako
opentelemetry-api==1.45.0
    # via fastapi
psycopg[binary]==3.3.6
    # via singnalx-backend (pyproject.toml)
psycopg-binary==3.3.6
    # via psycopg
pydantic==2.13.5
    # via
    #   fastapi
    #   pydantic-settings
pydantic-core==2.46.5
    # via pydantic
pydantic-settings==2.15.0
    # via singnalx-backend (pyproject.toml)
python-dotenv==1.2.4
    # via pydantic-settings
python-multipart==0.0.32
    # via singnalx-backend (pyproject.toml)
sqlalchemy==2.0.54
    # via
    #   alembic
    #   singnalx-backend (pyproject.toml)
starlette==1.7.0
    # via fastapi
typing-extensions==4.16.0
    # via
    #   alembic
    #   anyio
    #   fastapi
    #   opentelemetry-api
    #   pydantic
    #   pydantic-core
    #   sqlalchemy
    #   typing-inspection
typing-inspection==0.4.4
    # via
    #   fastapi
    #   pydantic
    #   pydantic-settings
tzdata==2026.5
    # via psycopg
uvicorn==0.54.0
    # via singnalx-backend (pyproject.toml)
